
Microsoft Visual Studio Solution File, Format Version 12.00
# Visual Studio Version 16
VisualStudioVersion = 16.0.30621.155
MinimumVisualStudioVersion = 10.0.40219.1
Project("{FAE04EC0-301F-11D3-BF4B-00C04F79EFBC}") = "HBM", "HBM.csproj", "{5933116A-5E55-4F4B-A6BF-B70A9B785202}"
EndProject
Global
	GlobalSection(SolutionConfigurationPlatforms) = preSolution
		Debug|Any CPU = Debug|Any CPU
		Release|Any CPU = Release|Any CPU
	EndGlobalSection
	GlobalSection(ProjectConfigurationPlatforms) = postSolution
		{5933116A-5E55-4F4B-A6BF-B70A9B785202}.Debug|Any CPU.ActiveCfg = Debug|Any CPU
		{5933116A-5E55-4F4B-A6BF-B70A9B785202}.Debug|Any CPU.Build.0 = Debug|Any CPU
		{5933116A-5E55-4F4B-A6BF-B70A9B785202}.Release|Any CPU.ActiveCfg = Release|Any CPU
		{5933116A-5E55-4F4B-A6BF-B70A9B785202}.Release|Any CPU.Build.0 = Release|Any CPU
	EndGlobalSection
	GlobalSection(SolutionProperties) = preSolution
		HideSolutionNode = FALSE
	EndGlobalSection
	GlobalSection(ExtensibilityGlobals) = postSolution
		SolutionGuid = {7F068806-6E97-4EB7-A219-66422E4AFAD7}
	EndGlobalSection
EndGlobal
